{
  "name": "react-native-buttonex",
  "version": "1.0.5",
  "lockfileVersion": 1,
  "requires": true,
  "dependencies": {
    "flow-bin": {
      "version": "0.57.3",
      "resolved": "https://registry.npmjs.org/flow-bin/-/flow-bin-0.57.3.tgz",
      "integrity": "sha512-bbB7KLR1bLS0CvHSsKseOGFF6iI2N9ocL14EQv8Hng28ZksD0gNRzR2JopqA3WGrQYJukDU1W4ZuKoBaRuElFA==",
      "dev": true
    }
  }
}
